
Microsoft Visual Studio Solution File, Format Version 12.00
#
Project("{2150E333-8FDC-42A3-9474-1A3956D46DE8}") = "Src", "Src", "{7D34DC66-8EFF-40AE-93D6-854CE3314B24}"
EndProject
Project("{2150E333-8FDC-42A3-9474-1A3956D46DE8}") = "Application", "Application", "{3EAAB326-8AC0-44F4-BFE3-2EC344CA6287}"
EndProject
Project("{FAE04EC0-301F-11D3-BF4B-00C04F79EFBC}") = "CleanArch.Application", "Src\Application\CleanArch.Application\CleanArch.Application.csproj", "{FC32F6C0-F24B-47F9-81F8-0A6F5C767E26}"
EndProject
Project("{FAE04EC0-301F-11D3-BF4B-00C04F79EFBC}") = "CleanArch.Application.Contracts", "Src\Application\CleanArch.Application.Contracts\CleanArch.Application.Contracts.csproj", "{E69481FF-09C4-4847-AF3B-27C6C06F43CE}"
EndProject
Project("{2150E333-8FDC-42A3-9474-1A3956D46DE8}") = "Library", "Library", "{CB7582F0-AC46-482C-8E28-0B3B69DBB7DA}"
EndProject
Project("{FAE04EC0-301F-11D3-BF4B-00C04F79EFBC}") = "CleanArch.Extension", "Src\Library\CleanArch.Extension\CleanArch.Extension.csproj", "{2780F554-7DD0-46C9-808C-E9422857A6F5}"
EndProject
Project("{2150E333-8FDC-42A3-9474-1A3956D46DE8}") = "Host", "Host", "{21A25A8A-57B2-4D30-9EC3-C751D337197B}"
EndProject
Project("{FAE04EC0-301F-11D3-BF4B-00C04F79EFBC}") = "CleanArch.BusinessAPI", "Host\CleanArch.BusinessAPI\CleanArch.BusinessAPI.csproj", "{91091D43-8B0A-4B2C-AF18-82F186402166}"
EndProject
Project("{FAE04EC0-301F-11D3-BF4B-00C04F79EFBC}") = "Clearn.Api", "Host\Clearn.Api\Clearn.Api.csproj", "{576C8AA9-434D-4719-85AF-D946DC1F7BF4}"
EndProject
Global
	GlobalSection(SolutionConfigurationPlatforms) = preSolution
		Debug|Any CPU = Debug|Any CPU
		Release|Any CPU = Release|Any CPU
	EndGlobalSection
	GlobalSection(ProjectConfigurationPlatforms) = postSolution
		{51C25971-1371-4354-AD6E-2CB726727E6E}.Debug|Any CPU.ActiveCfg = Debug|Any CPU
		{51C25971-1371-4354-AD6E-2CB726727E6E}.Debug|Any CPU.Build.0 = Debug|Any CPU
		{51C25971-1371-4354-AD6E-2CB726727E6E}.Release|Any CPU.ActiveCfg = Release|Any CPU
		{51C25971-1371-4354-AD6E-2CB726727E6E}.Release|Any CPU.Build.0 = Release|Any CPU
		{542D9621-2C65-486E-BDE4-E7006456E2F8}.Debug|Any CPU.ActiveCfg = Debug|Any CPU
		{542D9621-2C65-486E-BDE4-E7006456E2F8}.Debug|Any CPU.Build.0 = Debug|Any CPU
		{542D9621-2C65-486E-BDE4-E7006456E2F8}.Release|Any CPU.ActiveCfg = Release|Any CPU
		{542D9621-2C65-486E-BDE4-E7006456E2F8}.Release|Any CPU.Build.0 = Release|Any CPU
		{FC32F6C0-F24B-47F9-81F8-0A6F5C767E26}.Debug|Any CPU.ActiveCfg = Debug|Any CPU
		{FC32F6C0-F24B-47F9-81F8-0A6F5C767E26}.Debug|Any CPU.Build.0 = Debug|Any CPU
		{FC32F6C0-F24B-47F9-81F8-0A6F5C767E26}.Release|Any CPU.ActiveCfg = Release|Any CPU
		{FC32F6C0-F24B-47F9-81F8-0A6F5C767E26}.Release|Any CPU.Build.0 = Release|Any CPU
		{E69481FF-09C4-4847-AF3B-27C6C06F43CE}.Debug|Any CPU.ActiveCfg = Debug|Any CPU
		{E69481FF-09C4-4847-AF3B-27C6C06F43CE}.Debug|Any CPU.Build.0 = Debug|Any CPU
		{E69481FF-09C4-4847-AF3B-27C6C06F43CE}.Release|Any CPU.ActiveCfg = Release|Any CPU
		{E69481FF-09C4-4847-AF3B-27C6C06F43CE}.Release|Any CPU.Build.0 = Release|Any CPU
		{2780F554-7DD0-46C9-808C-E9422857A6F5}.Debug|Any CPU.ActiveCfg = Debug|Any CPU
		{2780F554-7DD0-46C9-808C-E9422857A6F5}.Debug|Any CPU.Build.0 = Debug|Any CPU
		{2780F554-7DD0-46C9-808C-E9422857A6F5}.Release|Any CPU.ActiveCfg = Release|Any CPU
		{2780F554-7DD0-46C9-808C-E9422857A6F5}.Release|Any CPU.Build.0 = Release|Any CPU
		{91091D43-8B0A-4B2C-AF18-82F186402166}.Debug|Any CPU.ActiveCfg = Debug|Any CPU
		{91091D43-8B0A-4B2C-AF18-82F186402166}.Debug|Any CPU.Build.0 = Debug|Any CPU
		{91091D43-8B0A-4B2C-AF18-82F186402166}.Release|Any CPU.ActiveCfg = Release|Any CPU
		{91091D43-8B0A-4B2C-AF18-82F186402166}.Release|Any CPU.Build.0 = Release|Any CPU
		{576C8AA9-434D-4719-85AF-D946DC1F7BF4}.Debug|Any CPU.ActiveCfg = Debug|Any CPU
		{576C8AA9-434D-4719-85AF-D946DC1F7BF4}.Debug|Any CPU.Build.0 = Debug|Any CPU
		{576C8AA9-434D-4719-85AF-D946DC1F7BF4}.Release|Any CPU.ActiveCfg = Release|Any CPU
		{576C8AA9-434D-4719-85AF-D946DC1F7BF4}.Release|Any CPU.Build.0 = Release|Any CPU
	EndGlobalSection
	GlobalSection(NestedProjects) = preSolution
		{3EAAB326-8AC0-44F4-BFE3-2EC344CA6287} = {7D34DC66-8EFF-40AE-93D6-854CE3314B24}
		{542D9621-2C65-486E-BDE4-E7006456E2F8} = {3EAAB326-8AC0-44F4-BFE3-2EC344CA6287}
		{FC32F6C0-F24B-47F9-81F8-0A6F5C767E26} = {3EAAB326-8AC0-44F4-BFE3-2EC344CA6287}
		{E69481FF-09C4-4847-AF3B-27C6C06F43CE} = {3EAAB326-8AC0-44F4-BFE3-2EC344CA6287}
		{CB7582F0-AC46-482C-8E28-0B3B69DBB7DA} = {7D34DC66-8EFF-40AE-93D6-854CE3314B24}
		{2780F554-7DD0-46C9-808C-E9422857A6F5} = {CB7582F0-AC46-482C-8E28-0B3B69DBB7DA}
		{91091D43-8B0A-4B2C-AF18-82F186402166} = {21A25A8A-57B2-4D30-9EC3-C751D337197B}
		{576C8AA9-434D-4719-85AF-D946DC1F7BF4} = {21A25A8A-57B2-4D30-9EC3-C751D337197B}
	EndGlobalSection
EndGlobal
